{
  "name": "index",
  "version": "1.0.0",
  "lockfileVersion": 1,
  "requires": true,
  "dependencies": {
    "vant-weapp": {
      "version": "0.5.5",
      "resolved": "https://registry.npmjs.org/vant-weapp/-/vant-weapp-0.5.5.tgz",
      "integrity": "sha512-T7Ll4wdCpjGHAj1QgHqNmtNrLGElnetApeu+vZohyXT/XYTvLMBEWHAm21fMCoZ9qLhqPKhNlQTdHkwNaO5Xkg=="
    }
  }
}
